
Microsoft Visual Studio Solution File, Format Version 12.00
# Visual Studio 14
VisualStudioVersion = 14.0.23107.0
MinimumVisualStudioVersion = 10.0.40219.1
Project("{FAE04EC0-301F-11D3-BF4B-00C04F79EFBC}") = "VsoLoginTest", "VsoLoginTest_uwp\VsoLoginTest\VsoLoginTest.csproj", "{D83E469F-F34A-4970-8467-EA303A313AAA}"
EndProject
Project("{D954291E-2A0B-460D-934E-DC6B0785DB48}") = "CommonData", "CommonData\CommonData.shproj", "{D7171664-B5F1-47B3-817D-1D7AF4615A66}"
EndProject
Project("{D954291E-2A0B-460D-934E-DC6B0785DB48}") = "CommonForms", "CommonForms\CommonForms.shproj", "{DCC61C8A-2046-455F-B3F8-3936E270CB4B}"
EndProject
Global
	GlobalSection(SharedMSBuildProjectFiles) = preSolution
		CommonData\CommonData.projitems*{d83e469f-f34a-4970-8467-ea303a313aaa}*SharedItemsImports = 4
		CommonForms\CommonForms.projitems*{d83e469f-f34a-4970-8467-ea303a313aaa}*SharedItemsImports = 4
		CommonForms\CommonForms.projitems*{dcc61c8a-2046-455f-b3f8-3936e270cb4b}*SharedItemsImports = 13
		CommonData\CommonData.projitems*{d7171664-b5f1-47b3-817d-1d7af4615a66}*SharedItemsImports = 13
	EndGlobalSection
	GlobalSection(SolutionConfigurationPlatforms) = preSolution
		Debug|ARM = Debug|ARM
		Debug|x64 = Debug|x64
		Debug|x86 = Debug|x86
		Release|ARM = Release|ARM
		Release|x64 = Release|x64
		Release|x86 = Release|x86
	EndGlobalSection
	GlobalSection(ProjectConfigurationPlatforms) = postSolution
		{D83E469F-F34A-4970-8467-EA303A313AAA}.Debug|ARM.ActiveCfg = Debug|ARM
		{D83E469F-F34A-4970-8467-EA303A313AAA}.Debug|ARM.Build.0 = Debug|ARM
		{D83E469F-F34A-4970-8467-EA303A313AAA}.Debug|ARM.Deploy.0 = Debug|ARM
		{D83E469F-F34A-4970-8467-EA303A313AAA}.Debug|x64.ActiveCfg = Debug|x64
		{D83E469F-F34A-4970-8467-EA303A313AAA}.Debug|x64.Build.0 = Debug|x64
		{D83E469F-F34A-4970-8467-EA303A313AAA}.Debug|x64.Deploy.0 = Debug|x64
		{D83E469F-F34A-4970-8467-EA303A313AAA}.Debug|x86.ActiveCfg = Debug|x86
		{D83E469F-F34A-4970-8467-EA303A313AAA}.Debug|x86.Build.0 = Debug|x86
		{D83E469F-F34A-4970-8467-EA303A313AAA}.Debug|x86.Deploy.0 = Debug|x86
		{D83E469F-F34A-4970-8467-EA303A313AAA}.Release|ARM.ActiveCfg = Release|ARM
		{D83E469F-F34A-4970-8467-EA303A313AAA}.Release|ARM.Build.0 = Release|ARM
		{D83E469F-F34A-4970-8467-EA303A313AAA}.Release|ARM.Deploy.0 = Release|ARM
		{D83E469F-F34A-4970-8467-EA303A313AAA}.Release|x64.ActiveCfg = Release|x64
		{D83E469F-F34A-4970-8467-EA303A313AAA}.Release|x64.Build.0 = Release|x64
		{D83E469F-F34A-4970-8467-EA303A313AAA}.Release|x64.Deploy.0 = Release|x64
		{D83E469F-F34A-4970-8467-EA303A313AAA}.Release|x86.ActiveCfg = Release|x86
		{D83E469F-F34A-4970-8467-EA303A313AAA}.Release|x86.Build.0 = Release|x86
		{D83E469F-F34A-4970-8467-EA303A313AAA}.Release|x86.Deploy.0 = Release|x86
	EndGlobalSection
	GlobalSection(SolutionProperties) = preSolution
		HideSolutionNode = FALSE
	EndGlobalSection
EndGlobal
